
Microsoft Visual Studio Solution File, Format Version 12.00
# Visual Studio Version 17
VisualStudioVersion = 17.14.36603.0
MinimumVisualStudioVersion = 10.0.40219.1
Project("{FAE04EC0-301F-11D3-BF4B-00C04F79EFBC}") = "CalculatorToolbox", "CalculatorToolbox\CalculatorToolbox.csproj", "{716CF6AD-B178-4894-97DD-E5E6FA954819}"
EndProject
Global
	GlobalSection(SolutionConfigurationPlatforms) = preSolution
		Debug|Any CPU = Debug|Any CPU
		Release|Any CPU = Release|Any CPU
	EndGlobalSection
	GlobalSection(ProjectConfigurationPlatforms) = postSolution
		{716CF6AD-B178-4894-97DD-E5E6FA954819}.Debug|Any CPU.ActiveCfg = Debug|Any CPU
		{716CF6AD-B178-4894-97DD-E5E6FA954819}.Debug|Any CPU.Build.0 = Debug|Any CPU
		{716CF6AD-B178-4894-97DD-E5E6FA954819}.Release|Any CPU.ActiveCfg = Release|Any CPU
		{716CF6AD-B178-4894-97DD-E5E6FA954819}.Release|Any CPU.Build.0 = Release|Any CPU
	EndGlobalSection
	GlobalSection(SolutionProperties) = preSolution
		HideSolutionNode = FALSE
	EndGlobalSection
	GlobalSection(ExtensibilityGlobals) = postSolution
		SolutionGuid = {A6BA2C82-9156-4B76-B132-55EE773C7211}
	EndGlobalSection
EndGlobal
